uuid: 744e2981-3838-4238-804a-3c6ef20e8481
langcode: en
status: true
dependencies:
  content:
    - 'block_content:basic:1862b5e3-c6a5-4c7b-a7af-e87d21644168'
  module:
    - block_content
    - system
  theme:
    - d_theme
id: d_theme_hoursandlocationblock
theme: d_theme
region: sidebar_second
weight: 0
provider: null
plugin: 'block_content:1862b5e3-c6a5-4c7b-a7af-e87d21644168'
settings:
  id: 'block_content:1862b5e3-c6a5-4c7b-a7af-e87d21644168'
  label: 'Hours and location block'
  provider: block_content
  label_display: visible
  status: true
  info: ''
  view_mode: full
visibility:
  request_path:
    id: request_path
    pages: '/*'
    negate: false
    context_mapping: {  }
