uuid: ab7ff5ad-3e50-485e-baf6-fe4034f9e652
langcode: en
status: true
dependencies:
  config:
    - views.view.who_s_online
  module:
    - user
    - views
  theme:
    - bartik2017
id: bartik2017_views_block__who_s_online_who_s_online_block
theme: bartik2017
region: sidebar_second
weight: 0
provider: null
plugin: 'views_block:who_s_online-who_s_online_block'
settings:
  id: 'views_block:who_s_online-who_s_online_block'
  label: ''
  provider: views
  label_display: visible
  views_label: ''
  items_per_page: none
visibility:
  user_role:
    id: user_role
    roles:
      authenticated: authenticated
    negate: false
    context_mapping:
      user: '@user.current_user_context:current_user'
