uuid: 41599e6e-70ca-40c3-876f-432ab6f4695a
langcode: en
status: true
dependencies:
  config:
    - views.view.who_s_online
  module:
    - user
    - views
  theme:
    - d_theme
id: d_theme_views_block__who_s_online_who_s_online_block
theme: d_theme
region: sidebar_second
weight: 0
provider: null
plugin: 'views_block:who_s_online-who_s_online_block'
settings:
  id: 'views_block:who_s_online-who_s_online_block'
  label: ''
  provider: views
  label_display: visible
  views_label: ''
  items_per_page: none
visibility:
  user_role:
    id: user_role
    roles:
      authenticated: authenticated
    negate: false
    context_mapping:
      user: '@user.current_user_context:current_user'
